
Microsoft Visual Studio Solution File, Format Version 12.00
# Visual Studio Version 17
VisualStudioVersion = 17.6.33801.468
MinimumVisualStudioVersion = 10.0.40219.1
Project("{FAE04EC0-301F-11D3-BF4B-00C04F79EFBC}") = "mindfight", "mindfight.csproj", "{4C9E2B0E-B4C5-41C7-8017-CE5C92108298}"
EndProject
Global
	GlobalSection(SolutionConfigurationPlatforms) = preSolution
		Debug|Any CPU = Debug|Any CPU
		Release|Any CPU = Release|Any CPU
	EndGlobalSection
	GlobalSection(ProjectConfigurationPlatforms) = postSolution
		{4C9E2B0E-B4C5-41C7-8017-CE5C92108298}.Debug|Any CPU.ActiveCfg = Debug|Any CPU
		{4C9E2B0E-B4C5-41C7-8017-CE5C92108298}.Debug|Any CPU.Build.0 = Debug|Any CPU
		{4C9E2B0E-B4C5-41C7-8017-CE5C92108298}.Release|Any CPU.ActiveCfg = Release|Any CPU
		{4C9E2B0E-B4C5-41C7-8017-CE5C92108298}.Release|Any CPU.Build.0 = Release|Any CPU
	EndGlobalSection
	GlobalSection(SolutionProperties) = preSolution
		HideSolutionNode = FALSE
	EndGlobalSection
	GlobalSection(ExtensibilityGlobals) = postSolution
		SolutionGuid = {498CE594-E288-4C62-A496-CA094B434BE8}
	EndGlobalSection
EndGlobal
